
Microsoft Visual Studio Solution File, Format Version 12.00
# Visual Studio Version 17
VisualStudioVersion = 17.9.34622.214
MinimumVisualStudioVersion = 10.0.40219.1
Project("{8BC9CEB8-8B4A-11D0-8D11-00A0C91BC942}") = "lab_4_", "lab_4_\lab_4_.vcxproj", "{D5E20CC3-D595-4505-AF56-8899C6260807}"
EndProject
Project("{8BC9CEB8-8B4A-11D0-8D11-00A0C91BC942}") = "task2", "task2\task2.vcxproj", "{C2292E32-D3A1-411F-8F99-0BA244583E4F}"
EndProject
Global
	GlobalSection(SolutionConfigurationPlatforms) = preSolution
		Debug|x64 = Debug|x64
		Debug|x86 = Debug|x86
		Release|x64 = Release|x64
		Release|x86 = Release|x86
	EndGlobalSection
	GlobalSection(ProjectConfigurationPlatforms) = postSolution
		{D5E20CC3-D595-4505-AF56-8899C6260807}.Debug|x64.ActiveCfg = Debug|x64
		{D5E20CC3-D595-4505-AF56-8899C6260807}.Debug|x64.Build.0 = Debug|x64
		{D5E20CC3-D595-4505-AF56-8899C6260807}.Debug|x86.ActiveCfg = Debug|Win32
		{D5E20CC3-D595-4505-AF56-8899C6260807}.Debug|x86.Build.0 = Debug|Win32
		{D5E20CC3-D595-4505-AF56-8899C6260807}.Release|x64.ActiveCfg = Release|x64
		{D5E20CC3-D595-4505-AF56-8899C6260807}.Release|x64.Build.0 = Release|x64
		{D5E20CC3-D595-4505-AF56-8899C6260807}.Release|x86.ActiveCfg = Release|Win32
		{D5E20CC3-D595-4505-AF56-8899C6260807}.Release|x86.Build.0 = Release|Win32
		{C2292E32-D3A1-411F-8F99-0BA244583E4F}.Debug|x64.ActiveCfg = Debug|x64
		{C2292E32-D3A1-411F-8F99-0BA244583E4F}.Debug|x64.Build.0 = Debug|x64
		{C2292E32-D3A1-411F-8F99-0BA244583E4F}.Debug|x86.ActiveCfg = Debug|Win32
		{C2292E32-D3A1-411F-8F99-0BA244583E4F}.Debug|x86.Build.0 = Debug|Win32
		{C2292E32-D3A1-411F-8F99-0BA244583E4F}.Release|x64.ActiveCfg = Release|x64
		{C2292E32-D3A1-411F-8F99-0BA244583E4F}.Release|x64.Build.0 = Release|x64
		{C2292E32-D3A1-411F-8F99-0BA244583E4F}.Release|x86.ActiveCfg = Release|Win32
		{C2292E32-D3A1-411F-8F99-0BA244583E4F}.Release|x86.Build.0 = Release|Win32
	EndGlobalSection
	GlobalSection(SolutionProperties) = preSolution
		HideSolutionNode = FALSE
	EndGlobalSection
	GlobalSection(ExtensibilityGlobals) = postSolution
		SolutionGuid = {58E160EC-00DF-4EB0-A31A-EAFD673E7374}
	EndGlobalSection
EndGlobal
